
Microsoft Visual Studio Solution File, Format Version 12.00
# Visual Studio Version 17
VisualStudioVersion = 17.10.35122.118
MinimumVisualStudioVersion = 10.0.40219.1
Project("{FAE04EC0-301F-11D3-BF4B-00C04F79EFBC}") = "Console_Meeting_Planner", "Console_Meeting_Planner.csproj", "{BB999778-911D-44E8-A043-1F771F30020C}"
EndProject
Global
	GlobalSection(SolutionConfigurationPlatforms) = preSolution
		Debug|Any CPU = Debug|Any CPU
		Release|Any CPU = Release|Any CPU
	EndGlobalSection
	GlobalSection(ProjectConfigurationPlatforms) = postSolution
		{BB999778-911D-44E8-A043-1F771F30020C}.Debug|Any CPU.ActiveCfg = Debug|Any CPU
		{BB999778-911D-44E8-A043-1F771F30020C}.Debug|Any CPU.Build.0 = Debug|Any CPU
		{BB999778-911D-44E8-A043-1F771F30020C}.Release|Any CPU.ActiveCfg = Release|Any CPU
		{BB999778-911D-44E8-A043-1F771F30020C}.Release|Any CPU.Build.0 = Release|Any CPU
	EndGlobalSection
	GlobalSection(SolutionProperties) = preSolution
		HideSolutionNode = FALSE
	EndGlobalSection
	GlobalSection(ExtensibilityGlobals) = postSolution
		SolutionGuid = {74BADFDB-886E-4B7D-8A57-90FB713E5AEE}
	EndGlobalSection
EndGlobal
